
Microsoft Visual Studio Solution File, Format Version 12.00
# Visual Studio Version 17
VisualStudioVersion = 17.4.33213.308
MinimumVisualStudioVersion = 10.0.40219.1
Project("{F184B08F-C81C-45F6-A57F-5ABD9991F28F}") = "BurgerSpecials", "BurgerSpecials\BurgerSpecials.vbproj", "{CFFD091A-5A8C-456E-A392-4534A20FF1DA}"
EndProject
Global
	GlobalSection(SolutionConfigurationPlatforms) = preSolution
		Debug|Any CPU = Debug|Any CPU
		Release|Any CPU = Release|Any CPU
	EndGlobalSection
	GlobalSection(ProjectConfigurationPlatforms) = postSolution
		{CFFD091A-5A8C-456E-A392-4534A20FF1DA}.Debug|Any CPU.ActiveCfg = Debug|Any CPU
		{CFFD091A-5A8C-456E-A392-4534A20FF1DA}.Debug|Any CPU.Build.0 = Debug|Any CPU
		{CFFD091A-5A8C-456E-A392-4534A20FF1DA}.Release|Any CPU.ActiveCfg = Release|Any CPU
		{CFFD091A-5A8C-456E-A392-4534A20FF1DA}.Release|Any CPU.Build.0 = Release|Any CPU
	EndGlobalSection
	GlobalSection(SolutionProperties) = preSolution
		HideSolutionNode = FALSE
	EndGlobalSection
	GlobalSection(ExtensibilityGlobals) = postSolution
		SolutionGuid = {A6179867-81EF-4B2E-8BA1-92ECA8C6B503}
	EndGlobalSection
EndGlobal
